
Microsoft Visual Studio Solution File, Format Version 12.00
# Visual Studio Version 17
VisualStudioVersion = 17.10.35004.147
MinimumVisualStudioVersion = 10.0.40219.1
Project("{2150E333-8FDC-42A3-9474-1A3956D46DE8}") = "Solution Items", "Solution Items", "{93D91AD1-8AE6-453C-A1FB-F0E43CC6812F}"
	ProjectSection(SolutionItems) = preProject
		C:\Users\Rajan\Downloads\02.3 - Building the First Module - Final\evently\.editorconfig = C:\Users\Rajan\Downloads\02.3 - Building the First Module - Final\evently\.editorconfig
		C:\Users\Rajan\Downloads\02.3 - Building the First Module - Final\evently\Directory.Build.props = C:\Users\Rajan\Downloads\02.3 - Building the First Module - Final\evently\Directory.Build.props
	EndProjectSection
EndProject
Project("{2150E333-8FDC-42A3-9474-1A3956D46DE8}") = "src", "src", "{3AD7F4EB-CA05-44AD-948C-4CA54714ECC9}"
EndProject
Project("{2150E333-8FDC-42A3-9474-1A3956D46DE8}") = "API", "API", "{5223E616-6079-4021-ACF7-6288027CDF76}"
EndProject
Project("{2150E333-8FDC-42A3-9474-1A3956D46DE8}") = "Modules", "Modules", "{EF1504B9-BAAE-4CE7-BEEB-FE1EE1F3D3BC}"
EndProject
Project("{FAE04EC0-301F-11D3-BF4B-00C04F79EFBC}") = "Evently.Api", "src\API\Evently.Api\Evently.Api.csproj", "{89B7BBC3-067E-4276-9D5A-F0AB9A33E35D}"
EndProject
Project("{2150E333-8FDC-42A3-9474-1A3956D46DE8}") = "Events", "Events", "{B34787BB-A9D1-4F3B-AD42-B871AEAA57B8}"
EndProject
Project("{FAE04EC0-301F-11D3-BF4B-00C04F79EFBC}") = "Evently.Modules.Events.Api", "src\Modules\Events\Evently.Modules.Events.Api\Evently.Modules.Events.Api.csproj", "{1CA2461E-1B65-4112-9B49-DF439060EF95}"
EndProject
Project("{E53339B2-1760-4266-BCC7-CA923CBCF16C}") = "docker-compose", "docker-compose.dcproj", "{80A5BD6D-06CA-406B-956F-8851C08FD064}"
EndProject
Global
	GlobalSection(SolutionConfigurationPlatforms) = preSolution
		Debug|Any CPU = Debug|Any CPU
		Release|Any CPU = Release|Any CPU
	EndGlobalSection
	GlobalSection(ProjectConfigurationPlatforms) = postSolution
		{89B7BBC3-067E-4276-9D5A-F0AB9A33E35D}.Debug|Any CPU.ActiveCfg = Debug|Any CPU
		{89B7BBC3-067E-4276-9D5A-F0AB9A33E35D}.Debug|Any CPU.Build.0 = Debug|Any CPU
		{89B7BBC3-067E-4276-9D5A-F0AB9A33E35D}.Release|Any CPU.ActiveCfg = Release|Any CPU
		{89B7BBC3-067E-4276-9D5A-F0AB9A33E35D}.Release|Any CPU.Build.0 = Release|Any CPU
		{1CA2461E-1B65-4112-9B49-DF439060EF95}.Debug|Any CPU.ActiveCfg = Debug|Any CPU
		{1CA2461E-1B65-4112-9B49-DF439060EF95}.Debug|Any CPU.Build.0 = Debug|Any CPU
		{1CA2461E-1B65-4112-9B49-DF439060EF95}.Release|Any CPU.ActiveCfg = Release|Any CPU
		{1CA2461E-1B65-4112-9B49-DF439060EF95}.Release|Any CPU.Build.0 = Release|Any CPU
		{80A5BD6D-06CA-406B-956F-8851C08FD064}.Debug|Any CPU.ActiveCfg = Debug|Any CPU
		{80A5BD6D-06CA-406B-956F-8851C08FD064}.Debug|Any CPU.Build.0 = Debug|Any CPU
		{80A5BD6D-06CA-406B-956F-8851C08FD064}.Release|Any CPU.ActiveCfg = Release|Any CPU
		{80A5BD6D-06CA-406B-956F-8851C08FD064}.Release|Any CPU.Build.0 = Release|Any CPU
	EndGlobalSection
	GlobalSection(SolutionProperties) = preSolution
		HideSolutionNode = FALSE
	EndGlobalSection
	GlobalSection(NestedProjects) = preSolution
		{5223E616-6079-4021-ACF7-6288027CDF76} = {3AD7F4EB-CA05-44AD-948C-4CA54714ECC9}
		{EF1504B9-BAAE-4CE7-BEEB-FE1EE1F3D3BC} = {3AD7F4EB-CA05-44AD-948C-4CA54714ECC9}
		{89B7BBC3-067E-4276-9D5A-F0AB9A33E35D} = {5223E616-6079-4021-ACF7-6288027CDF76}
		{B34787BB-A9D1-4F3B-AD42-B871AEAA57B8} = {EF1504B9-BAAE-4CE7-BEEB-FE1EE1F3D3BC}
		{1CA2461E-1B65-4112-9B49-DF439060EF95} = {B34787BB-A9D1-4F3B-AD42-B871AEAA57B8}
	EndGlobalSection
	GlobalSection(ExtensibilityGlobals) = postSolution
		SolutionGuid = {8B088217-0ECF-481C-90C0-57376A8C099C}
	EndGlobalSection
EndGlobal
